
Microsoft Visual Studio Solution File, Format Version 12.00
# Visual Studio 15
VisualStudioVersion = 15.0.27703.2026
MinimumVisualStudioVersion = 10.0.40219.1
Project("{FAE04EC0-301F-11D3-BF4B-00C04F79EFBC}") = "SagaBNS.Auth", "SagaBNS.Auth\SagaBNS.Auth.csproj", "{005AC10A-1D8A-46B4-9F71-68C8D0D17F9A}"
EndProject
Project("{2150E333-8FDC-42A3-9474-1A3956D46DE8}") = "Executables", "Executables", "{E7F2C030-1F71-4E9C-860F-21B6E0026C82}"
EndProject
Project("{2150E333-8FDC-42A3-9474-1A3956D46DE8}") = "Libraries", "Libraries", "{DE6A3BEA-AF28-4EB3-A3CB-B55FB271B842}"
EndProject
Project("{2150E333-8FDC-42A3-9474-1A3956D46DE8}") = "Entity", "Entity", "{2366D0A0-C6FC-47A9-87D1-1CD3BABC696E}"
EndProject
Project("{FAE04EC0-301F-11D3-BF4B-00C04F79EFBC}") = "SagaBNS.Core", "SagaBNS.Core\SagaBNS.Core.csproj", "{01328F5C-1D8F-44CB-9902-F241A79F3F19}"
EndProject
Project("{FAE04EC0-301F-11D3-BF4B-00C04F79EFBC}") = "SagaBNS.GameObject", "SagaBNS.GameObject\SagaBNS.GameObject.csproj", "{2346A7F0-7FC3-48F0-A3A1-5C55DB49D79B}"
EndProject
Project("{FAE04EC0-301F-11D3-BF4B-00C04F79EFBC}") = "SagaBNS.Entity", "SagaBNS.Entity\SagaBNS.Entity.csproj", "{FBDAB761-628C-4D55-AD8D-7762434AE94B}"
EndProject
Project("{FAE04EC0-301F-11D3-BF4B-00C04F79EFBC}") = "SagaBNS.DTO", "SagaBNS.DTO\SagaBNS.DTO.csproj", "{B6F2E58C-1D81-4B46-9512-B152A590C0B0}"
EndProject
Project("{FAE04EC0-301F-11D3-BF4B-00C04F79EFBC}") = "SagaBNS.DAO.Interface", "SagaBNS.DAO.Interface\SagaBNS.DAO.Interface.csproj", "{2A9608EF-B78C-407F-A8E4-A14C0BA00255}"
EndProject
Project("{FAE04EC0-301F-11D3-BF4B-00C04F79EFBC}") = "SagaBNS.DAO", "SagaBNS.DAO\SagaBNS.DAO.csproj", "{75788821-A2EA-4294-B64F-78A51B54F146}"
EndProject
Project("{FAE04EC0-301F-11D3-BF4B-00C04F79EFBC}") = "SagaBNS.Enums", "SagaBNS.Enums\SagaBNS.Enums.csproj", "{E3F87DE5-5B54-437F-A3ED-E8FE9902C546}"
EndProject
Project("{FAE04EC0-301F-11D3-BF4B-00C04F79EFBC}") = "SagaBNS.Mapper", "SagaBNS.Mapper\SagaBNS.Mapper.csproj", "{07C06BFF-E545-4FE0-BB3D-BB0995C83F5D}"
EndProject
Project("{FAE04EC0-301F-11D3-BF4B-00C04F79EFBC}") = "SagaBNS.Handler", "SagaBNS.Handler\SagaBNS.Handler.csproj", "{632AB855-A17A-4786-8632-A12EC5123524}"
EndProject
Project("{FAE04EC0-301F-11D3-BF4B-00C04F79EFBC}") = "SagaBNS.Master", "SagaBNS.Master\SagaBNS.Master.csproj", "{6E0A3EB2-48C6-44DB-B108-375177B32F97}"
EndProject
Project("{FAE04EC0-301F-11D3-BF4B-00C04F79EFBC}") = "SagaBNS.Master.Library", "SagaBNS.Master.Library\SagaBNS.Master.Library.csproj", "{FFB00237-7F44-43B0-9752-F2CF25675A0A}"
EndProject
Project("{FAE04EC0-301F-11D3-BF4B-00C04F79EFBC}") = "SagaBNS.Networking", "SagaBNS.Networking\SagaBNS.Networking.csproj", "{68E1913C-902C-44F6-B437-BFABDE4F7D94}"
EndProject
Project("{FAE04EC0-301F-11D3-BF4B-00C04F79EFBC}") = "SagaBNS.Lobby", "SagaBNS.Lobby\SagaBNS.Lobby.csproj", "{E15DC69C-0441-46E4-8693-16AA19B68E63}"
EndProject
Global
	GlobalSection(SolutionConfigurationPlatforms) = preSolution
		Debug|Any CPU = Debug|Any CPU
		Debug|x64 = Debug|x64
		Debug|x86 = Debug|x86
		Release|Any CPU = Release|Any CPU
		Release|x64 = Release|x64
		Release|x86 = Release|x86
	EndGlobalSection
	GlobalSection(ProjectConfigurationPlatforms) = postSolution
		{005AC10A-1D8A-46B4-9F71-68C8D0D17F9A}.Debug|Any CPU.ActiveCfg = Debug|Any CPU
		{005AC10A-1D8A-46B4-9F71-68C8D0D17F9A}.Debug|Any CPU.Build.0 = Debug|Any CPU
		{005AC10A-1D8A-46B4-9F71-68C8D0D17F9A}.Debug|x64.ActiveCfg = Debug|x64
		{005AC10A-1D8A-46B4-9F71-68C8D0D17F9A}.Debug|x64.Build.0 = Debug|x64
		{005AC10A-1D8A-46B4-9F71-68C8D0D17F9A}.Debug|x86.ActiveCfg = Debug|x86
		{005AC10A-1D8A-46B4-9F71-68C8D0D17F9A}.Debug|x86.Build.0 = Debug|x86
		{005AC10A-1D8A-46B4-9F71-68C8D0D17F9A}.Release|Any CPU.ActiveCfg = Release|Any CPU
		{005AC10A-1D8A-46B4-9F71-68C8D0D17F9A}.Release|Any CPU.Build.0 = Release|Any CPU
		{005AC10A-1D8A-46B4-9F71-68C8D0D17F9A}.Release|x64.ActiveCfg = Release|x64
		{005AC10A-1D8A-46B4-9F71-68C8D0D17F9A}.Release|x64.Build.0 = Release|x64
		{005AC10A-1D8A-46B4-9F71-68C8D0D17F9A}.Release|x86.ActiveCfg = Release|x86
		{005AC10A-1D8A-46B4-9F71-68C8D0D17F9A}.Release|x86.Build.0 = Release|x86
		{01328F5C-1D8F-44CB-9902-F241A79F3F19}.Debug|Any CPU.ActiveCfg = Debug|Any CPU
		{01328F5C-1D8F-44CB-9902-F241A79F3F19}.Debug|Any CPU.Build.0 = Debug|Any CPU
		{01328F5C-1D8F-44CB-9902-F241A79F3F19}.Debug|x64.ActiveCfg = Debug|x64
		{01328F5C-1D8F-44CB-9902-F241A79F3F19}.Debug|x64.Build.0 = Debug|x64
		{01328F5C-1D8F-44CB-9902-F241A79F3F19}.Debug|x86.ActiveCfg = Debug|x86
		{01328F5C-1D8F-44CB-9902-F241A79F3F19}.Debug|x86.Build.0 = Debug|x86
		{01328F5C-1D8F-44CB-9902-F241A79F3F19}.Release|Any CPU.ActiveCfg = Release|Any CPU
		{01328F5C-1D8F-44CB-9902-F241A79F3F19}.Release|Any CPU.Build.0 = Release|Any CPU
		{01328F5C-1D8F-44CB-9902-F241A79F3F19}.Release|x64.ActiveCfg = Release|x64
		{01328F5C-1D8F-44CB-9902-F241A79F3F19}.Release|x64.Build.0 = Release|x64
		{01328F5C-1D8F-44CB-9902-F241A79F3F19}.Release|x86.ActiveCfg = Release|x86
		{01328F5C-1D8F-44CB-9902-F241A79F3F19}.Release|x86.Build.0 = Release|x86
		{2346A7F0-7FC3-48F0-A3A1-5C55DB49D79B}.Debug|Any CPU.ActiveCfg = Debug|Any CPU
		{2346A7F0-7FC3-48F0-A3A1-5C55DB49D79B}.Debug|Any CPU.Build.0 = Debug|Any CPU
		{2346A7F0-7FC3-48F0-A3A1-5C55DB49D79B}.Debug|x64.ActiveCfg = Debug|x64
		{2346A7F0-7FC3-48F0-A3A1-5C55DB49D79B}.Debug|x64.Build.0 = Debug|x64
		{2346A7F0-7FC3-48F0-A3A1-5C55DB49D79B}.Debug|x86.ActiveCfg = Debug|x86
		{2346A7F0-7FC3-48F0-A3A1-5C55DB49D79B}.Debug|x86.Build.0 = Debug|x86
		{2346A7F0-7FC3-48F0-A3A1-5C55DB49D79B}.Release|Any CPU.ActiveCfg = Release|Any CPU
		{2346A7F0-7FC3-48F0-A3A1-5C55DB49D79B}.Release|Any CPU.Build.0 = Release|Any CPU
		{2346A7F0-7FC3-48F0-A3A1-5C55DB49D79B}.Release|x64.ActiveCfg = Release|x64
		{2346A7F0-7FC3-48F0-A3A1-5C55DB49D79B}.Release|x64.Build.0 = Release|x64
		{2346A7F0-7FC3-48F0-A3A1-5C55DB49D79B}.Release|x86.ActiveCfg = Release|x86
		{2346A7F0-7FC3-48F0-A3A1-5C55DB49D79B}.Release|x86.Build.0 = Release|x86
		{FBDAB761-628C-4D55-AD8D-7762434AE94B}.Debug|Any CPU.ActiveCfg = Debug|Any CPU
		{FBDAB761-628C-4D55-AD8D-7762434AE94B}.Debug|Any CPU.Build.0 = Debug|Any CPU
		{FBDAB761-628C-4D55-AD8D-7762434AE94B}.Debug|x64.ActiveCfg = Debug|x64
		{FBDAB761-628C-4D55-AD8D-7762434AE94B}.Debug|x64.Build.0 = Debug|x64
		{FBDAB761-628C-4D55-AD8D-7762434AE94B}.Debug|x86.ActiveCfg = Debug|x86
		{FBDAB761-628C-4D55-AD8D-7762434AE94B}.Debug|x86.Build.0 = Debug|x86
		{FBDAB761-628C-4D55-AD8D-7762434AE94B}.Release|Any CPU.ActiveCfg = Release|Any CPU
		{FBDAB761-628C-4D55-AD8D-7762434AE94B}.Release|Any CPU.Build.0 = Release|Any CPU
		{FBDAB761-628C-4D55-AD8D-7762434AE94B}.Release|x64.ActiveCfg = Release|x64
		{FBDAB761-628C-4D55-AD8D-7762434AE94B}.Release|x64.Build.0 = Release|x64
		{FBDAB761-628C-4D55-AD8D-7762434AE94B}.Release|x86.ActiveCfg = Release|x86
		{FBDAB761-628C-4D55-AD8D-7762434AE94B}.Release|x86.Build.0 = Release|x86
		{B6F2E58C-1D81-4B46-9512-B152A590C0B0}.Debug|Any CPU.ActiveCfg = Debug|Any CPU
		{B6F2E58C-1D81-4B46-9512-B152A590C0B0}.Debug|Any CPU.Build.0 = Debug|Any CPU
		{B6F2E58C-1D81-4B46-9512-B152A590C0B0}.Debug|x64.ActiveCfg = Debug|x64
		{B6F2E58C-1D81-4B46-9512-B152A590C0B0}.Debug|x64.Build.0 = Debug|x64
		{B6F2E58C-1D81-4B46-9512-B152A590C0B0}.Debug|x86.ActiveCfg = Debug|x86
		{B6F2E58C-1D81-4B46-9512-B152A590C0B0}.Debug|x86.Build.0 = Debug|x86
		{B6F2E58C-1D81-4B46-9512-B152A590C0B0}.Release|Any CPU.ActiveCfg = Release|Any CPU
		{B6F2E58C-1D81-4B46-9512-B152A590C0B0}.Release|Any CPU.Build.0 = Release|Any CPU
		{B6F2E58C-1D81-4B46-9512-B152A590C0B0}.Release|x64.ActiveCfg = Release|x64
		{B6F2E58C-1D81-4B46-9512-B152A590C0B0}.Release|x64.Build.0 = Release|x64
		{B6F2E58C-1D81-4B46-9512-B152A590C0B0}.Release|x86.ActiveCfg = Release|x86
		{B6F2E58C-1D81-4B46-9512-B152A590C0B0}.Release|x86.Build.0 = Release|x86
		{2A9608EF-B78C-407F-A8E4-A14C0BA00255}.Debug|Any CPU.ActiveCfg = Debug|Any CPU
		{2A9608EF-B78C-407F-A8E4-A14C0BA00255}.Debug|Any CPU.Build.0 = Debug|Any CPU
		{2A9608EF-B78C-407F-A8E4-A14C0BA00255}.Debug|x64.ActiveCfg = Debug|x64
		{2A9608EF-B78C-407F-A8E4-A14C0BA00255}.Debug|x64.Build.0 = Debug|x64
		{2A9608EF-B78C-407F-A8E4-A14C0BA00255}.Debug|x86.ActiveCfg = Debug|x86
		{2A9608EF-B78C-407F-A8E4-A14C0BA00255}.Debug|x86.Build.0 = Debug|x86
		{2A9608EF-B78C-407F-A8E4-A14C0BA00255}.Release|Any CPU.ActiveCfg = Release|Any CPU
		{2A9608EF-B78C-407F-A8E4-A14C0BA00255}.Release|Any CPU.Build.0 = Release|Any CPU
		{2A9608EF-B78C-407F-A8E4-A14C0BA00255}.Release|x64.ActiveCfg = Release|x64
		{2A9608EF-B78C-407F-A8E4-A14C0BA00255}.Release|x64.Build.0 = Release|x64
		{2A9608EF-B78C-407F-A8E4-A14C0BA00255}.Release|x86.ActiveCfg = Release|x86
		{2A9608EF-B78C-407F-A8E4-A14C0BA00255}.Release|x86.Build.0 = Release|x86
		{75788821-A2EA-4294-B64F-78A51B54F146}.Debug|Any CPU.ActiveCfg = Debug|Any CPU
		{75788821-A2EA-4294-B64F-78A51B54F146}.Debug|Any CPU.Build.0 = Debug|Any CPU
		{75788821-A2EA-4294-B64F-78A51B54F146}.Debug|x64.ActiveCfg = Debug|x64
		{75788821-A2EA-4294-B64F-78A51B54F146}.Debug|x64.Build.0 = Debug|x64
		{75788821-A2EA-4294-B64F-78A51B54F146}.Debug|x86.ActiveCfg = Debug|x86
		{75788821-A2EA-4294-B64F-78A51B54F146}.Debug|x86.Build.0 = Debug|x86
		{75788821-A2EA-4294-B64F-78A51B54F146}.Release|Any CPU.ActiveCfg = Release|Any CPU
		{75788821-A2EA-4294-B64F-78A51B54F146}.Release|Any CPU.Build.0 = Release|Any CPU
		{75788821-A2EA-4294-B64F-78A51B54F146}.Release|x64.ActiveCfg = Release|x64
		{75788821-A2EA-4294-B64F-78A51B54F146}.Release|x64.Build.0 = Release|x64
		{75788821-A2EA-4294-B64F-78A51B54F146}.Release|x86.ActiveCfg = Release|x86
		{75788821-A2EA-4294-B64F-78A51B54F146}.Release|x86.Build.0 = Release|x86
		{E3F87DE5-5B54-437F-A3ED-E8FE9902C546}.Debug|Any CPU.ActiveCfg = Debug|Any CPU
		{E3F87DE5-5B54-437F-A3ED-E8FE9902C546}.Debug|Any CPU.Build.0 = Debug|Any CPU
		{E3F87DE5-5B54-437F-A3ED-E8FE9902C546}.Debug|x64.ActiveCfg = Debug|x64
		{E3F87DE5-5B54-437F-A3ED-E8FE9902C546}.Debug|x64.Build.0 = Debug|x64
		{E3F87DE5-5B54-437F-A3ED-E8FE9902C546}.Debug|x86.ActiveCfg = Debug|x86
		{E3F87DE5-5B54-437F-A3ED-E8FE9902C546}.Debug|x86.Build.0 = Debug|x86
		{E3F87DE5-5B54-437F-A3ED-E8FE9902C546}.Release|Any CPU.ActiveCfg = Release|Any CPU
		{E3F87DE5-5B54-437F-A3ED-E8FE9902C546}.Release|Any CPU.Build.0 = Release|Any CPU
		{E3F87DE5-5B54-437F-A3ED-E8FE9902C546}.Release|x64.ActiveCfg = Release|x64
		{E3F87DE5-5B54-437F-A3ED-E8FE9902C546}.Release|x64.Build.0 = Release|x64
		{E3F87DE5-5B54-437F-A3ED-E8FE9902C546}.Release|x86.ActiveCfg = Release|x86
		{E3F87DE5-5B54-437F-A3ED-E8FE9902C546}.Release|x86.Build.0 = Release|x86
		{07C06BFF-E545-4FE0-BB3D-BB0995C83F5D}.Debug|Any CPU.ActiveCfg = Debug|Any CPU
		{07C06BFF-E545-4FE0-BB3D-BB0995C83F5D}.Debug|Any CPU.Build.0 = Debug|Any CPU
		{07C06BFF-E545-4FE0-BB3D-BB0995C83F5D}.Debug|x64.ActiveCfg = Debug|x64
		{07C06BFF-E545-4FE0-BB3D-BB0995C83F5D}.Debug|x64.Build.0 = Debug|x64
		{07C06BFF-E545-4FE0-BB3D-BB0995C83F5D}.Debug|x86.ActiveCfg = Debug|x86
		{07C06BFF-E545-4FE0-BB3D-BB0995C83F5D}.Debug|x86.Build.0 = Debug|x86
		{07C06BFF-E545-4FE0-BB3D-BB0995C83F5D}.Release|Any CPU.ActiveCfg = Release|Any CPU
		{07C06BFF-E545-4FE0-BB3D-BB0995C83F5D}.Release|Any CPU.Build.0 = Release|Any CPU
		{07C06BFF-E545-4FE0-BB3D-BB0995C83F5D}.Release|x64.ActiveCfg = Release|x64
		{07C06BFF-E545-4FE0-BB3D-BB0995C83F5D}.Release|x64.Build.0 = Release|x64
		{07C06BFF-E545-4FE0-BB3D-BB0995C83F5D}.Release|x86.ActiveCfg = Release|x86
		{07C06BFF-E545-4FE0-BB3D-BB0995C83F5D}.Release|x86.Build.0 = Release|x86
		{632AB855-A17A-4786-8632-A12EC5123524}.Debug|Any CPU.ActiveCfg = Debug|Any CPU
		{632AB855-A17A-4786-8632-A12EC5123524}.Debug|Any CPU.Build.0 = Debug|Any CPU
		{632AB855-A17A-4786-8632-A12EC5123524}.Debug|x64.ActiveCfg = Debug|Any CPU
		{632AB855-A17A-4786-8632-A12EC5123524}.Debug|x64.Build.0 = Debug|Any CPU
		{632AB855-A17A-4786-8632-A12EC5123524}.Debug|x86.ActiveCfg = Debug|Any CPU
		{632AB855-A17A-4786-8632-A12EC5123524}.Debug|x86.Build.0 = Debug|Any CPU
		{632AB855-A17A-4786-8632-A12EC5123524}.Release|Any CPU.ActiveCfg = Release|Any CPU
		{632AB855-A17A-4786-8632-A12EC5123524}.Release|Any CPU.Build.0 = Release|Any CPU
		{632AB855-A17A-4786-8632-A12EC5123524}.Release|x64.ActiveCfg = Release|Any CPU
		{632AB855-A17A-4786-8632-A12EC5123524}.Release|x64.Build.0 = Release|Any CPU
		{632AB855-A17A-4786-8632-A12EC5123524}.Release|x86.ActiveCfg = Release|Any CPU
		{632AB855-A17A-4786-8632-A12EC5123524}.Release|x86.Build.0 = Release|Any CPU
		{6E0A3EB2-48C6-44DB-B108-375177B32F97}.Debug|Any CPU.ActiveCfg = Debug|Any CPU
		{6E0A3EB2-48C6-44DB-B108-375177B32F97}.Debug|Any CPU.Build.0 = Debug|Any CPU
		{6E0A3EB2-48C6-44DB-B108-375177B32F97}.Debug|x64.ActiveCfg = Debug|Any CPU
		{6E0A3EB2-48C6-44DB-B108-375177B32F97}.Debug|x64.Build.0 = Debug|Any CPU
		{6E0A3EB2-48C6-44DB-B108-375177B32F97}.Debug|x86.ActiveCfg = Debug|Any CPU
		{6E0A3EB2-48C6-44DB-B108-375177B32F97}.Debug|x86.Build.0 = Debug|Any CPU
		{6E0A3EB2-48C6-44DB-B108-375177B32F97}.Release|Any CPU.ActiveCfg = Release|Any CPU
		{6E0A3EB2-48C6-44DB-B108-375177B32F97}.Release|Any CPU.Build.0 = Release|Any CPU
		{6E0A3EB2-48C6-44DB-B108-375177B32F97}.Release|x64.ActiveCfg = Release|Any CPU
		{6E0A3EB2-48C6-44DB-B108-375177B32F97}.Release|x64.Build.0 = Release|Any CPU
		{6E0A3EB2-48C6-44DB-B108-375177B32F97}.Release|x86.ActiveCfg = Release|Any CPU
		{6E0A3EB2-48C6-44DB-B108-375177B32F97}.Release|x86.Build.0 = Release|Any CPU
		{FFB00237-7F44-43B0-9752-F2CF25675A0A}.Debug|Any CPU.ActiveCfg = Debug|Any CPU
		{FFB00237-7F44-43B0-9752-F2CF25675A0A}.Debug|Any CPU.Build.0 = Debug|Any CPU
		{FFB00237-7F44-43B0-9752-F2CF25675A0A}.Debug|x64.ActiveCfg = Debug|Any CPU
		{FFB00237-7F44-43B0-9752-F2CF25675A0A}.Debug|x64.Build.0 = Debug|Any CPU
		{FFB00237-7F44-43B0-9752-F2CF25675A0A}.Debug|x86.ActiveCfg = Debug|Any CPU
		{FFB00237-7F44-43B0-9752-F2CF25675A0A}.Debug|x86.Build.0 = Debug|Any CPU
		{FFB00237-7F44-43B0-9752-F2CF25675A0A}.Release|Any CPU.ActiveCfg = Release|Any CPU
		{FFB00237-7F44-43B0-9752-F2CF25675A0A}.Release|Any CPU.Build.0 = Release|Any CPU
		{FFB00237-7F44-43B0-9752-F2CF25675A0A}.Release|x64.ActiveCfg = Release|Any CPU
		{FFB00237-7F44-43B0-9752-F2CF25675A0A}.Release|x64.Build.0 = Release|Any CPU
		{FFB00237-7F44-43B0-9752-F2CF25675A0A}.Release|x86.ActiveCfg = Release|Any CPU
		{FFB00237-7F44-43B0-9752-F2CF25675A0A}.Release|x86.Build.0 = Release|Any CPU
		{68E1913C-902C-44F6-B437-BFABDE4F7D94}.Debug|Any CPU.ActiveCfg = Debug|Any CPU
		{68E1913C-902C-44F6-B437-BFABDE4F7D94}.Debug|Any CPU.Build.0 = Debug|Any CPU
		{68E1913C-902C-44F6-B437-BFABDE4F7D94}.Debug|x64.ActiveCfg = Debug|Any CPU
		{68E1913C-902C-44F6-B437-BFABDE4F7D94}.Debug|x64.Build.0 = Debug|Any CPU
		{68E1913C-902C-44F6-B437-BFABDE4F7D94}.Debug|x86.ActiveCfg = Debug|Any CPU
		{68E1913C-902C-44F6-B437-BFABDE4F7D94}.Debug|x86.Build.0 = Debug|Any CPU
		{68E1913C-902C-44F6-B437-BFABDE4F7D94}.Release|Any CPU.ActiveCfg = Release|Any CPU
		{68E1913C-902C-44F6-B437-BFABDE4F7D94}.Release|Any CPU.Build.0 = Release|Any CPU
		{68E1913C-902C-44F6-B437-BFABDE4F7D94}.Release|x64.ActiveCfg = Release|Any CPU
		{68E1913C-902C-44F6-B437-BFABDE4F7D94}.Release|x64.Build.0 = Release|Any CPU
		{68E1913C-902C-44F6-B437-BFABDE4F7D94}.Release|x86.ActiveCfg = Release|Any CPU
		{68E1913C-902C-44F6-B437-BFABDE4F7D94}.Release|x86.Build.0 = Release|Any CPU
		{E15DC69C-0441-46E4-8693-16AA19B68E63}.Debug|Any CPU.ActiveCfg = Debug|Any CPU
		{E15DC69C-0441-46E4-8693-16AA19B68E63}.Debug|Any CPU.Build.0 = Debug|Any CPU
		{E15DC69C-0441-46E4-8693-16AA19B68E63}.Debug|x64.ActiveCfg = Debug|Any CPU
		{E15DC69C-0441-46E4-8693-16AA19B68E63}.Debug|x64.Build.0 = Debug|Any CPU
		{E15DC69C-0441-46E4-8693-16AA19B68E63}.Debug|x86.ActiveCfg = Debug|Any CPU
		{E15DC69C-0441-46E4-8693-16AA19B68E63}.Debug|x86.Build.0 = Debug|Any CPU
		{E15DC69C-0441-46E4-8693-16AA19B68E63}.Release|Any CPU.ActiveCfg = Release|Any CPU
		{E15DC69C-0441-46E4-8693-16AA19B68E63}.Release|Any CPU.Build.0 = Release|Any CPU
		{E15DC69C-0441-46E4-8693-16AA19B68E63}.Release|x64.ActiveCfg = Release|Any CPU
		{E15DC69C-0441-46E4-8693-16AA19B68E63}.Release|x64.Build.0 = Release|Any CPU
		{E15DC69C-0441-46E4-8693-16AA19B68E63}.Release|x86.ActiveCfg = Release|Any CPU
		{E15DC69C-0441-46E4-8693-16AA19B68E63}.Release|x86.Build.0 = Release|Any CPU
	EndGlobalSection
	GlobalSection(SolutionProperties) = preSolution
		HideSolutionNode = FALSE
	EndGlobalSection
	GlobalSection(NestedProjects) = preSolution
		{005AC10A-1D8A-46B4-9F71-68C8D0D17F9A} = {E7F2C030-1F71-4E9C-860F-21B6E0026C82}
		{01328F5C-1D8F-44CB-9902-F241A79F3F19} = {DE6A3BEA-AF28-4EB3-A3CB-B55FB271B842}
		{2346A7F0-7FC3-48F0-A3A1-5C55DB49D79B} = {DE6A3BEA-AF28-4EB3-A3CB-B55FB271B842}
		{FBDAB761-628C-4D55-AD8D-7762434AE94B} = {2366D0A0-C6FC-47A9-87D1-1CD3BABC696E}
		{B6F2E58C-1D81-4B46-9512-B152A590C0B0} = {2366D0A0-C6FC-47A9-87D1-1CD3BABC696E}
		{2A9608EF-B78C-407F-A8E4-A14C0BA00255} = {2366D0A0-C6FC-47A9-87D1-1CD3BABC696E}
		{75788821-A2EA-4294-B64F-78A51B54F146} = {2366D0A0-C6FC-47A9-87D1-1CD3BABC696E}
		{E3F87DE5-5B54-437F-A3ED-E8FE9902C546} = {2366D0A0-C6FC-47A9-87D1-1CD3BABC696E}
		{07C06BFF-E545-4FE0-BB3D-BB0995C83F5D} = {2366D0A0-C6FC-47A9-87D1-1CD3BABC696E}
		{632AB855-A17A-4786-8632-A12EC5123524} = {DE6A3BEA-AF28-4EB3-A3CB-B55FB271B842}
		{6E0A3EB2-48C6-44DB-B108-375177B32F97} = {E7F2C030-1F71-4E9C-860F-21B6E0026C82}
		{FFB00237-7F44-43B0-9752-F2CF25675A0A} = {DE6A3BEA-AF28-4EB3-A3CB-B55FB271B842}
		{68E1913C-902C-44F6-B437-BFABDE4F7D94} = {DE6A3BEA-AF28-4EB3-A3CB-B55FB271B842}
		{E15DC69C-0441-46E4-8693-16AA19B68E63} = {E7F2C030-1F71-4E9C-860F-21B6E0026C82}
	EndGlobalSection
	GlobalSection(ExtensibilityGlobals) = postSolution
		SolutionGuid = {68B414D3-0084-483C-91EF-32EDA4B219CC}
	EndGlobalSection
EndGlobal
